
Microsoft Visual Studio Solution File, Format Version 12.00
# Visual Studio Version 17
VisualStudioVersion = 17.11.35222.181
MinimumVisualStudioVersion = 10.0.40219.1
Project("{FAE04EC0-301F-11D3-BF4B-00C04F79EFBC}") = "DocumentsFolder-MAUI", "DocumentsFolder-MAUI.csproj", "{50C0C10F-6DBC-4E94-A6D7-B9B8F0984454}"
EndProject
Global
	GlobalSection(SolutionConfigurationPlatforms) = preSolution
		Debug|Any CPU = Debug|Any CPU
		Release|Any CPU = Release|Any CPU
	EndGlobalSection
	GlobalSection(ProjectConfigurationPlatforms) = postSolution
		{50C0C10F-6DBC-4E94-A6D7-B9B8F0984454}.Debug|Any CPU.ActiveCfg = Debug|Any CPU
		{50C0C10F-6DBC-4E94-A6D7-B9B8F0984454}.Debug|Any CPU.Build.0 = Debug|Any CPU
		{50C0C10F-6DBC-4E94-A6D7-B9B8F0984454}.Release|Any CPU.ActiveCfg = Release|Any CPU
		{50C0C10F-6DBC-4E94-A6D7-B9B8F0984454}.Release|Any CPU.Build.0 = Release|Any CPU
	EndGlobalSection
	GlobalSection(SolutionProperties) = preSolution
		HideSolutionNode = FALSE
	EndGlobalSection
	GlobalSection(ExtensibilityGlobals) = postSolution
		SolutionGuid = {6251D8A4-3402-4427-8937-2679ABF4A32A}
	EndGlobalSection
EndGlobal
